
Microsoft Visual Studio Solution File, Format Version 12.00
# Visual Studio Version 16
VisualStudioVersion = 16.0.31515.178
MinimumVisualStudioVersion = 10.0.40219.1
Project("{9A19103F-16F7-4668-BE54-9A1E7A4F7556}") = "ASCII_Art_CSharp", "ASCII_Art_CSharp\ASCII_Art_CSharp.csproj", "{9C1021BC-CD51-472B-90F5-F0DFA6D542AC}"
EndProject
Project("{9A19103F-16F7-4668-BE54-9A1E7A4F7556}") = "ArtLib", "ArtLib\ArtLib.csproj", "{AF320C4C-4DC3-4A40-B598-D69BCC53413D}"
EndProject
Project("{888888A0-9F3D-457C-B088-3A5042F75D52}") = "ASCII_Art_Python", "ASCII_Art_Python\ASCII_Art_Python.pyproj", "{A7581129-6946-41C3-A593-B8337F4D40CD}"
EndProject
Global
	GlobalSection(SolutionConfigurationPlatforms) = preSolution
		Debug|Any CPU = Debug|Any CPU
		Release|Any CPU = Release|Any CPU
	EndGlobalSection
	GlobalSection(ProjectConfigurationPlatforms) = postSolution
		{9C1021BC-CD51-472B-90F5-F0DFA6D542AC}.Debug|Any CPU.ActiveCfg = Debug|Any CPU
		{9C1021BC-CD51-472B-90F5-F0DFA6D542AC}.Debug|Any CPU.Build.0 = Debug|Any CPU
		{9C1021BC-CD51-472B-90F5-F0DFA6D542AC}.Release|Any CPU.ActiveCfg = Release|Any CPU
		{9C1021BC-CD51-472B-90F5-F0DFA6D542AC}.Release|Any CPU.Build.0 = Release|Any CPU
		{AF320C4C-4DC3-4A40-B598-D69BCC53413D}.Debug|Any CPU.ActiveCfg = Debug|Any CPU
		{AF320C4C-4DC3-4A40-B598-D69BCC53413D}.Debug|Any CPU.Build.0 = Debug|Any CPU
		{AF320C4C-4DC3-4A40-B598-D69BCC53413D}.Release|Any CPU.ActiveCfg = Release|Any CPU
		{AF320C4C-4DC3-4A40-B598-D69BCC53413D}.Release|Any CPU.Build.0 = Release|Any CPU
		{A7581129-6946-41C3-A593-B8337F4D40CD}.Debug|Any CPU.ActiveCfg = Debug|Any CPU
		{A7581129-6946-41C3-A593-B8337F4D40CD}.Release|Any CPU.ActiveCfg = Release|Any CPU
	EndGlobalSection
	GlobalSection(SolutionProperties) = preSolution
		HideSolutionNode = FALSE
	EndGlobalSection
	GlobalSection(ExtensibilityGlobals) = postSolution
		SolutionGuid = {9C90EB01-1218-46E0-B7A9-01074340185A}
	EndGlobalSection
EndGlobal
